// !$*UTF8*$!
{
	archiveVersion = 1;
	classes = {
	};
	objectVersion = 50;
	objects = {

/* Begin PBXBuildFile section */
		8415AD9F25931BC80095147A /* m8sp104App.swift in Sources */ = {isa = PBXBuildFile; fileRef = 8415AD9E25931BC80095147A /* m8sp104App.swift */; };
		8415ADA125931BC80095147A /* ContentView.swift in Sources */ = {isa = PBXBuildFile; fileRef = 8415ADA025931BC80095147A /* ContentView.swift */; };
		8415ADA325931BC90095147A /* Assets.xcassets in Resources */ = {isa = PBXBuildFile; fileRef = 8415ADA225931BC90095147A /* Assets.xcassets */; };
		8415ADA625931BC90095147A /* Preview Assets.xcassets in Resources */ = {isa = PBXBuildFile; fileRef = 8415ADA525931BC90095147A /* Preview Assets.xcassets */; };
		8415ADB425931F0C0095147A /* ItemList.swift in Sources */ = {isa = PBXBuildFile; fileRef = 8415ADB325931F0C0095147A /* ItemList.swift */; };
		8415ADBD259333CA0095147A /* HomeView.swift in Sources */ = {isa = PBXBuildFile; fileRef = 8415ADBC259333CA0095147A /* HomeView.swift */; };
		8415ADC0259333D60095147A /* ItemView.swift in Sources */ = {isa = PBXBuildFile; fileRef = 8415ADBF259333D60095147A /* ItemView.swift */; };
		8415ADC3259333E40095147A /* MissionView.swift in Sources */ = {isa = PBXBuildFile; fileRef = 8415ADC2259333E40095147A /* MissionView.swift */; };
		8415ADC6259333F40095147A /* SpecialAbilityView.swift in Sources */ = {isa = PBXBuildFile; fileRef = 8415ADC5259333F40095147A /* SpecialAbilityView.swift */; };
		8415ADC9259333FE0095147A /* SettingView.swift in Sources */ = {isa = PBXBuildFile; fileRef = 8415ADC8259333FE0095147A /* SettingView.swift */; };
		8486EE7A2597590D00D894E2 /* ItemRow.swift in Sources */ = {isa = PBXBuildFile; fileRef = 8486EE792597590D00D894E2 /* ItemRow.swift */; };
		8486EE7D25975A5A00D894E2 /* Category.swift in Sources */ = {isa = PBXBuildFile; fileRef = 8486EE7C25975A5A00D894E2 /* Category.swift */; };
		8486EE81259770A900D894E2 /* EventNowRow.swift in Sources */ = {isa = PBXBuildFile; fileRef = 8486EE80259770A900D894E2 /* EventNowRow.swift */; };
		8486EE86259771C300D894E2 /* EventNextRow.swift in Sources */ = {isa = PBXBuildFile; fileRef = 8486EE85259771C300D894E2 /* EventNextRow.swift */; };
		8486EE8925979AEA00D894E2 /* WeponsModelData.swift in Sources */ = {isa = PBXBuildFile; fileRef = 8486EE8825979AEA00D894E2 /* WeponsModelData.swift */; };
		8486EE8E2597B0BB00D894E2 /* sample.json in Resources */ = {isa = PBXBuildFile; fileRef = 8486EE8D2597B0BB00D894E2 /* sample.json */; };
		8486EE982597D1AA00D894E2 /* WidgetKit.framework in Frameworks */ = {isa = PBXBuildFile; fileRef = 8486EE972597D1AA00D894E2 /* WidgetKit.framework */; };
		8486EE9A2597D1AA00D894E2 /* SwiftUI.framework in Frameworks */ = {isa = PBXBuildFile; fileRef = 8486EE992597D1AA00D894E2 /* SwiftUI.framework */; };
		8486EE9D2597D1AA00D894E2 /* m8sp104widget.swift in Sources */ = {isa = PBXBuildFile; fileRef = 8486EE9C2597D1AA00D894E2 /* m8sp104widget.swift */; };
		8486EE9F2597D1AB00D894E2 /* Assets.xcassets in Resources */ = {isa = PBXBuildFile; fileRef = 8486EE9E2597D1AB00D894E2 /* Assets.xcassets */; };
		8486EEA32597D1AB00D894E2 /* m8sp104widgetExtension.appex in Embed App Extensions */ = {isa = PBXBuildFile; fileRef = 8486EE952597D1AA00D894E2 /* m8sp104widgetExtension.appex */; settings = {ATTRIBUTES = (RemoveHeadersOnCopy, ); }; };
		8486EEAB2599E87000D894E2 /* ModelData.swift in Sources */ = {isa = PBXBuildFile; fileRef = 8486EEAA2599E87000D894E2 /* ModelData.swift */; };
		8486EEB1259AE59F00D894E2 /* swordData2.json in Resources */ = {isa = PBXBuildFile; fileRef = 8486EEB0259AE59E00D894E2 /* swordData2.json */; };
		8486EEB8259CD45200D894E2 /* aaa.xcdatamodeld in Sources */ = {isa = PBXBuildFile; fileRef = 8486EEB6259CD45100D894E2 /* aaa.xcdatamodeld */; };
		8486EEBC25A260B200D894E2 /* FavoriteButton.swift in Sources */ = {isa = PBXBuildFile; fileRef = 8486EEBB25A260B200D894E2 /* FavoriteButton.swift */; };
		8486EEC025A30A2B00D894E2 /* swordData.json in Resources */ = {isa = PBXBuildFile; fileRef = 8486EEBF25A30A2B00D894E2 /* swordData.json */; };
		8486EECC25A3200900D894E2 /* GetEventData.swift in Sources */ = {isa = PBXBuildFile; fileRef = 8486EECB25A3200900D894E2 /* GetEventData.swift */; };
		8486EECF25A320AB00D894E2 /* GetEventData.swift in Sources */ = {isa = PBXBuildFile; fileRef = 8486EECB25A3200900D894E2 /* GetEventData.swift */; };
		8486EED325A327B700D894E2 /* eventDates.json in Resources */ = {isa = PBXBuildFile; fileRef = 8486EED225A327B700D894E2 /* eventDates.json */; };
		8486EED625A332B800D894E2 /* eventDates.json in Resources */ = {isa = PBXBuildFile; fileRef = 8486EED225A327B700D894E2 /* eventDates.json */; };
/* End PBXBuildFile section */

/* Begin PBXContainerItemProxy section */
		8486EEA12597D1AB00D894E2 /* PBXContainerItemProxy */ = {
			isa = PBXContainerItemProxy;
			containerPortal = 8415AD9325931BC70095147A /* Project object */;
			proxyType = 1;
			remoteGlobalIDString = 8486EE942597D1AA00D894E2;
			remoteInfo = m8sp104widgetExtension;
		};
/* End PBXContainerItemProxy section */

/* Begin PBXCopyFilesBuildPhase section */
		8486EEA72597D1AB00D894E2 /* Embed App Extensions */ = {
			isa = PBXCopyFilesBuildPhase;
			buildActionMask = 2147483647;
			dstPath = "";
			dstSubfolderSpec = 13;
			files = (
				8486EEA32597D1AB00D894E2 /* m8sp104widgetExtension.appex in Embed App Extensions */,
			);
			name = "Embed App Extensions";
			runOnlyForDeploymentPostprocessing = 0;
		};
/* End PBXCopyFilesBuildPhase section */

/* Begin PBXFileReference section */
		8415AD9B25931BC80095147A /* m8sp104.app */ = {isa = PBXFileReference; explicitFileType = wrapper.application; includeInIndex = 0; path = m8sp104.app; sourceTree = BUILT_PRODUCTS_DIR; };
		8415AD9E25931BC80095147A /* m8sp104App.swift */ = {isa = PBXFileReference; lastKnownFileType = sourcecode.swift; path = m8sp104App.swift; sourceTree = "<group>"; };
		8415ADA025931BC80095147A /* ContentView.swift */ = {isa = PBXFileReference; lastKnownFileType = sourcecode.swift; path = ContentView.swift; sourceTree = "<group>"; };
		8415ADA225931BC90095147A /* Assets.xcassets */ = {isa = PBXFileReference; lastKnownFileType = folder.assetcatalog; path = Assets.xcassets; sourceTree = "<group>"; };
		8415ADA525931BC90095147A /* Preview Assets.xcassets */ = {isa = PBXFileReference; lastKnownFileType = folder.assetcatalog; path = "Preview Assets.xcassets"; sourceTree = "<group>"; };
		8415ADA725931BC90095147A /* Info.plist */ = {isa = PBXFileReference; lastKnownFileType = text.plist.xml; path = Info.plist; sourceTree = "<group>"; };
		8415ADB325931F0C0095147A /* ItemList.swift */ = {isa = PBXFileReference; lastKnownFileType = sourcecode.swift; path = ItemList.swift; sourceTree = "<group>"; };
		8415ADBC259333CA0095147A /* HomeView.swift */ = {isa = PBXFileReference; lastKnownFileType = sourcecode.swift; path = HomeView.swift; sourceTree = "<group>"; };
		8415ADBF259333D60095147A /* ItemView.swift */ = {isa = PBXFileReference; lastKnownFileType = sourcecode.swift; path = ItemView.swift; sourceTree = "<group>"; };
		8415ADC2259333E40095147A /* MissionView.swift */ = {isa = PBXFileReference; lastKnownFileType = sourcecode.swift; path = MissionView.swift; sourceTree = "<group>"; };
		8415ADC5259333F40095147A /* SpecialAbilityView.swift */ = {isa = PBXFileReference; lastKnownFileType = sourcecode.swift; path = SpecialAbilityView.swift; sourceTree = "<group>"; };
		8415ADC8259333FE0095147A /* SettingView.swift */ = {isa = PBXFileReference; lastKnownFileType = sourcecode.swift; path = SettingView.swift; sourceTree = "<group>"; };
		8486EE792597590D00D894E2 /* ItemRow.swift */ = {isa = PBXFileReference; lastKnownFileType = sourcecode.swift; path = ItemRow.swift; sourceTree = "<group>"; };
		8486EE7C25975A5A00D894E2 /* Category.swift */ = {isa = PBXFileReference; lastKnownFileType = sourcecode.swift; path = Category.swift; sourceTree = "<group>"; };
		8486EE80259770A900D894E2 /* EventNowRow.swift */ = {isa = PBXFileReference; lastKnownFileType = sourcecode.swift; path = EventNowRow.swift; sourceTree = "<group>"; };
		8486EE85259771C300D894E2 /* EventNextRow.swift */ = {isa = PBXFileReference; lastKnownFileType = sourcecode.swift; path = EventNextRow.swift; sourceTree = "<group>"; };
		8486EE8825979AEA00D894E2 /* WeponsModelData.swift */ = {isa = PBXFileReference; lastKnownFileType = sourcecode.swift; path = WeponsModelData.swift; sourceTree = "<group>"; };
		8486EE8D2597B0BB00D894E2 /* sample.json */ = {isa = PBXFileReference; lastKnownFileType = text.json; path = sample.json; sourceTree = "<group>"; };
		8486EE952597D1AA00D894E2 /* m8sp104widgetExtension.appex */ = {isa = PBXFileReference; explicitFileType = "wrapper.app-extension"; includeInIndex = 0; path = m8sp104widgetExtension.appex; sourceTree = BUILT_PRODUCTS_DIR; };
		8486EE972597D1AA00D894E2 /* WidgetKit.framework */ = {isa = PBXFileReference; lastKnownFileType = wrapper.framework; name = WidgetKit.framework; path = System/Library/Frameworks/WidgetKit.framework; sourceTree = SDKROOT; };
		8486EE992597D1AA00D894E2 /* SwiftUI.framework */ = {isa = PBXFileReference; lastKnownFileType = wrapper.framework; name = SwiftUI.framework; path = System/Library/Frameworks/SwiftUI.framework; sourceTree = SDKROOT; };
		8486EE9C2597D1AA00D894E2 /* m8sp104widget.swift */ = {isa = PBXFileReference; lastKnownFileType = sourcecode.swift; path = m8sp104widget.swift; sourceTree = "<group>"; };
		8486EE9E2597D1AB00D894E2 /* Assets.xcassets */ = {isa = PBXFileReference; lastKnownFileType = folder.assetcatalog; path = Assets.xcassets; sourceTree = "<group>"; };
		8486EEA02597D1AB00D894E2 /* Info.plist */ = {isa = PBXFileReference; lastKnownFileType = text.plist.xml; path = Info.plist; sourceTree = "<group>"; };
		8486EEAA2599E87000D894E2 /* ModelData.swift */ = {isa = PBXFileReference; lastKnownFileType = sourcecode.swift; path = ModelData.swift; sourceTree = "<group>"; };
		8486EEB0259AE59E00D894E2 /* swordData2.json */ = {isa = PBXFileReference; fileEncoding = 4; lastKnownFileType = text.json; name = swordData2.json; path = ../../../jsonfile/swordData2.json; sourceTree = "<group>"; };
		8486EEB7259CD45100D894E2 /* aaa.xcdatamodel */ = {isa = PBXFileReference; lastKnownFileType = wrapper.xcdatamodel; path = aaa.xcdatamodel; sourceTree = "<group>"; };
		8486EEBB25A260B200D894E2 /* FavoriteButton.swift */ = {isa = PBXFileReference; lastKnownFileType = sourcecode.swift; path = FavoriteButton.swift; sourceTree = "<group>"; };
		8486EEBF25A30A2B00D894E2 /* swordData.json */ = {isa = PBXFileReference; lastKnownFileType = text.json; path = swordData.json; sourceTree = "<group>"; };
		8486EECB25A3200900D894E2 /* GetEventData.swift */ = {isa = PBXFileReference; lastKnownFileType = sourcecode.swift; path = GetEventData.swift; sourceTree = "<group>"; };
		8486EED225A327B700D894E2 /* eventDates.json */ = {isa = PBXFileReference; fileEncoding = 4; lastKnownFileType = text.json; path = eventDates.json; sourceTree = "<group>"; usesTabs = 0; };
		8486EEDE25A59F9300D894E2 /* MyPlayground.playground */ = {isa = PBXFileReference; lastKnownFileType = file.playground; path = MyPlayground.playground; sourceTree = "<group>"; xcLanguageSpecificationIdentifier = xcode.lang.swift; };
		8486EEE125A5D10800D894E2 /* EventDataInput.playground */ = {isa = PBXFileReference; lastKnownFileType = file.playground; path = EventDataInput.playground; sourceTree = "<group>"; xcLanguageSpecificationIdentifier = xcode.lang.swift; };
/* End PBXFileReference section */

/* Begin PBXFrameworksBuildPhase section */
		8415AD9825931BC80095147A /* Frameworks */ = {
			isa = PBXFrameworksBuildPhase;
			buildActionMask = 2147483647;
			files = (
			);
			runOnlyForDeploymentPostprocessing = 0;
		};
		8486EE922597D1AA00D894E2 /* Frameworks */ = {
			isa = PBXFrameworksBuildPhase;
			buildActionMask = 2147483647;
			files = (
				8486EE9A2597D1AA00D894E2 /* SwiftUI.framework in Frameworks */,
				8486EE982597D1AA00D894E2 /* WidgetKit.framework in Frameworks */,
			);
			runOnlyForDeploymentPostprocessing = 0;
		};
/* End PBXFrameworksBuildPhase section */

/* Begin PBXGroup section */
		8415AD9225931BC70095147A = {
			isa = PBXGroup;
			children = (
				8415AD9D25931BC80095147A /* m8sp104 */,
				8486EE9B2597D1AA00D894E2 /* m8sp104widget */,
				8486EE962597D1AA00D894E2 /* Frameworks */,
				8415AD9C25931BC80095147A /* Products */,
			);
			sourceTree = "<group>";
		};
		8415AD9C25931BC80095147A /* Products */ = {
			isa = PBXGroup;
			children = (
				8415AD9B25931BC80095147A /* m8sp104.app */,
				8486EE952597D1AA00D894E2 /* m8sp104widgetExtension.appex */,
			);
			name = Products;
			sourceTree = "<group>";
		};
		8415AD9D25931BC80095147A /* m8sp104 */ = {
			isa = PBXGroup;
			children = (
				8415ADAE25931BD60095147A /* Model */,
				8415ADAF25931BDF0095147A /* View */,
				8415ADB025931BEB0095147A /* ViewModel */,
				8415ADA225931BC90095147A /* Assets.xcassets */,
				8415ADA025931BC80095147A /* ContentView.swift */,
				8415AD9E25931BC80095147A /* m8sp104App.swift */,
				8415ADA725931BC90095147A /* Info.plist */,
				8415ADA425931BC90095147A /* Preview Content */,
			);
			path = m8sp104;
			sourceTree = "<group>";
		};
		8415ADA425931BC90095147A /* Preview Content */ = {
			isa = PBXGroup;
			children = (
				8415ADA525931BC90095147A /* Preview Assets.xcassets */,
			);
			path = "Preview Content";
			sourceTree = "<group>";
		};
		8415ADAE25931BD60095147A /* Model */ = {
			isa = PBXGroup;
			children = (
				8415ADB325931F0C0095147A /* ItemList.swift */,
				8486EECB25A3200900D894E2 /* GetEventData.swift */,
				8486EE7C25975A5A00D894E2 /* Category.swift */,
			);
			path = Model;
			sourceTree = "<group>";
		};
		8415ADAF25931BDF0095147A /* View */ = {
			isa = PBXGroup;
			children = (
				8486EE7F2597708800D894E2 /* HomeRow */,
				8486EE792597590D00D894E2 /* ItemRow.swift */,
				8415ADBC259333CA0095147A /* HomeView.swift */,
				8415ADBF259333D60095147A /* ItemView.swift */,
				8415ADC2259333E40095147A /* MissionView.swift */,
				8486EEE125A5D10800D894E2 /* EventDataInput.playground */,
				8486EEDE25A59F9300D894E2 /* MyPlayground.playground */,
				8415ADC5259333F40095147A /* SpecialAbilityView.swift */,
				8486EEBB25A260B200D894E2 /* FavoriteButton.swift */,
				8415ADC8259333FE0095147A /* SettingView.swift */,
				8486EEB6259CD45100D894E2 /* aaa.xcdatamodeld */,
			);
			path = View;
			sourceTree = "<group>";
		};
		8415ADB025931BEB0095147A /* ViewModel */ = {
			isa = PBXGroup;
			children = (
				8486EE8825979AEA00D894E2 /* WeponsModelData.swift */,
				8486EEB0259AE59E00D894E2 /* swordData2.json */,
				8486EEBF25A30A2B00D894E2 /* swordData.json */,
				8486EED225A327B700D894E2 /* eventDates.json */,
				8486EE8D2597B0BB00D894E2 /* sample.json */,
				8486EEAA2599E87000D894E2 /* ModelData.swift */,
			);
			path = ViewModel;
			sourceTree = "<group>";
		};
		8486EE7F2597708800D894E2 /* HomeRow */ = {
			isa = PBXGroup;
			children = (
				8486EE80259770A900D894E2 /* EventNowRow.swift */,
				8486EE85259771C300D894E2 /* EventNextRow.swift */,
			);
			path = HomeRow;
			sourceTree = "<group>";
		};
		8486EE962597D1AA00D894E2 /* Frameworks */ = {
			isa = PBXGroup;
			children = (
				8486EE972597D1AA00D894E2 /* WidgetKit.framework */,
				8486EE992597D1AA00D894E2 /* SwiftUI.framework */,
			);
			name = Frameworks;
			sourceTree = "<group>";
		};
		8486EE9B2597D1AA00D894E2 /* m8sp104widget */ = {
			isa = PBXGroup;
			children = (
				8486EE9C2597D1AA00D894E2 /* m8sp104widget.swift */,
				8486EE9E2597D1AB00D894E2 /* Assets.xcassets */,
				8486EEA02597D1AB00D894E2 /* Info.plist */,
			);
			path = m8sp104widget;
			sourceTree = "<group>";
		};
/* End PBXGroup section */

/* Begin PBXNativeTarget section */
		8415AD9A25931BC80095147A /* m8sp104 */ = {
			isa = PBXNativeTarget;
			buildConfigurationList = 8415ADAA25931BC90095147A /* Build configuration list for PBXNativeTarget "m8sp104" */;
			buildPhases = (
				8415AD9725931BC80095147A /* Sources */,
				8415AD9825931BC80095147A /* Frameworks */,
				8415AD9925931BC80095147A /* Resources */,
				8486EEA72597D1AB00D894E2 /* Embed App Extensions */,
			);
			buildRules = (
			);
			dependencies = (
				8486EEA22597D1AB00D894E2 /* PBXTargetDependency */,
			);
			name = m8sp104;
			productName = m8sp104;
			productReference = 8415AD9B25931BC80095147A /* m8sp104.app */;
			productType = "com.apple.product-type.application";
		};
		8486EE942597D1AA00D894E2 /* m8sp104widgetExtension */ = {
			isa = PBXNativeTarget;
			buildConfigurationList = 8486EEA42597D1AB00D894E2 /* Build configuration list for PBXNativeTarget "m8sp104widgetExtension" */;
			buildPhases = (
				8486EE912597D1AA00D894E2 /* Sources */,
				8486EE922597D1AA00D894E2 /* Frameworks */,
				8486EE932597D1AA00D894E2 /* Resources */,
			);
			buildRules = (
			);
			dependencies = (
			);
			name = m8sp104widgetExtension;
			productName = m8sp104widgetExtension;
			productReference = 8486EE952597D1AA00D894E2 /* m8sp104widgetExtension.appex */;
			productType = "com.apple.product-type.app-extension";
		};
/* End PBXNativeTarget section */

/* Begin PBXProject section */
		8415AD9325931BC70095147A /* Project object */ = {
			isa = PBXProject;
			attributes = {
				LastSwiftUpdateCheck = 1230;
				LastUpgradeCheck = 1230;
				TargetAttributes = {
					8415AD9A25931BC80095147A = {
						CreatedOnToolsVersion = 12.3;
					};
					8486EE942597D1AA00D894E2 = {
						CreatedOnToolsVersion = 12.3;
					};
				};
			};
			buildConfigurationList = 8415AD9625931BC70095147A /* Build configuration list for PBXProject "m8sp104" */;
			compatibilityVersion = "Xcode 9.3";
			developmentRegion = en;
			hasScannedForEncodings = 0;
			knownRegions = (
				en,
				Base,
			);
			mainGroup = 8415AD9225931BC70095147A;
			productRefGroup = 8415AD9C25931BC80095147A /* Products */;
			projectDirPath = "";
			projectRoot = "";
			targets = (
				8415AD9A25931BC80095147A /* m8sp104 */,
				8486EE942597D1AA00D894E2 /* m8sp104widgetExtension */,
			);
		};
/* End PBXProject section */

/* Begin PBXResourcesBuildPhase section */
		8415AD9925931BC80095147A /* Resources */ = {
			isa = PBXResourcesBuildPhase;
			buildActionMask = 2147483647;
			files = (
				8486EED325A327B700D894E2 /* eventDates.json in Resources */,
				8486EEC025A30A2B00D894E2 /* swordData.json in Resources */,
				8415ADA625931BC90095147A /* Preview Assets.xcassets in Resources */,
				8415ADA325931BC90095147A /* Assets.xcassets in Resources */,
				8486EE8E2597B0BB00D894E2 /* sample.json in Resources */,
				8486EEB1259AE59F00D894E2 /* swordData2.json in Resources */,
			);
			runOnlyForDeploymentPostprocessing = 0;
		};
		8486EE932597D1AA00D894E2 /* Resources */ = {
			isa = PBXResourcesBuildPhase;
			buildActionMask = 2147483647;
			files = (
				8486EED625A332B800D894E2 /* eventDates.json in Resources */,
				8486EE9F2597D1AB00D894E2 /* Assets.xcassets in Resources */,
			);
			runOnlyForDeploymentPostprocessing = 0;
		};
/* End PBXResourcesBuildPhase section */

/* Begin PBXSourcesBuildPhase section */
		8415AD9725931BC80095147A /* Sources */ = {
			isa = PBXSourcesBuildPhase;
			buildActionMask = 2147483647;
			files = (
				8415ADC3259333E40095147A /* MissionView.swift in Sources */,
				8415ADA125931BC80095147A /* ContentView.swift in Sources */,
				8415ADC0259333D60095147A /* ItemView.swift in Sources */,
				8415ADC9259333FE0095147A /* SettingView.swift in Sources */,
				8415ADB425931F0C0095147A /* ItemList.swift in Sources */,
				8415ADC6259333F40095147A /* SpecialAbilityView.swift in Sources */,
				8486EEB8259CD45200D894E2 /* aaa.xcdatamodeld in Sources */,
				8486EE7A2597590D00D894E2 /* ItemRow.swift in Sources */,
				8415ADBD259333CA0095147A /* HomeView.swift in Sources */,
				8415AD9F25931BC80095147A /* m8sp104App.swift in Sources */,
				8486EECC25A3200900D894E2 /* GetEventData.swift in Sources */,
				8486EE81259770A900D894E2 /* EventNowRow.swift in Sources */,
				8486EEBC25A260B200D894E2 /* FavoriteButton.swift in Sources */,
				8486EE7D25975A5A00D894E2 /* Category.swift in Sources */,
				8486EE86259771C300D894E2 /* EventNextRow.swift in Sources */,
				8486EE8925979AEA00D894E2 /* WeponsModelData.swift in Sources */,
				8486EEAB2599E87000D894E2 /* ModelData.swift in Sources */,
			);
			runOnlyForDeploymentPostprocessing = 0;
		};
		8486EE912597D1AA00D894E2 /* Sources */ = {
			isa = PBXSourcesBuildPhase;
			buildActionMask = 2147483647;
			files = (
				8486EE9D2597D1AA00D894E2 /* m8sp104widget.swift in Sources */,
				8486EECF25A320AB00D894E2 /* GetEventData.swift in Sources */,
			);
			runOnlyForDeploymentPostprocessing = 0;
		};
/* End PBXSourcesBuildPhase section */

/* Begin PBXTargetDependency section */
		8486EEA22597D1AB00D894E2 /* PBXTargetDependency */ = {
			isa = PBXTargetDependency;
			target = 8486EE942597D1AA00D894E2 /* m8sp104widgetExtension */;
			targetProxy = 8486EEA12597D1AB00D894E2 /* PBXContainerItemProxy */;
		};
/* End PBXTargetDependency section */

/* Begin XCBuildConfiguration section */
		8415ADA825931BC90095147A /* Debug */ = {
			isa = XCBuildConfiguration;
			buildSettings = {
				ALWAYS_SEARCH_USER_PATHS = NO;
				CLANG_ANALYZER_NONNULL = YES;
				CLANG_ANALYZER_NUMBER_OBJECT_CONVERSION = YES_AGGRESSIVE;
				CLANG_CXX_LANGUAGE_STANDARD = "gnu++14";
				CLANG_CXX_LIBRARY = "libc++";
				CLANG_ENABLE_MODULES = YES;
				CLANG_ENABLE_OBJC_ARC = YES;
				CLANG_ENABLE_OBJC_WEAK = YES;
				CLANG_WARN_BLOCK_CAPTURE_AUTORELEASING = YES;
				CLANG_WARN_BOOL_CONVERSION = YES;
				CLANG_WARN_COMMA = YES;
				CLANG_WARN_CONSTANT_CONVERSION = YES;
				CLANG_WARN_DEPRECATED_OBJC_IMPLEMENTATIONS = YES;
				CLANG_WARN_DIRECT_OBJC_ISA_USAGE = YES_ERROR;
				CLANG_WARN_DOCUMENTATION_COMMENTS = YES;
				CLANG_WARN_EMPTY_BODY = YES;
				CLANG_WARN_ENUM_CONVERSION = YES;
				CLANG_WARN_INFINITE_RECURSION = YES;
				CLANG_WARN_INT_CONVERSION = YES;
				CLANG_WARN_NON_LITERAL_NULL_CONVERSION = YES;
				CLANG_WARN_OBJC_IMPLICIT_RETAIN_SELF = YES;
				CLANG_WARN_OBJC_LITERAL_CONVERSION = YES;
				CLANG_WARN_OBJC_ROOT_CLASS = YES_ERROR;
				CLANG_WARN_QUOTED_INCLUDE_IN_FRAMEWORK_HEADER = YES;
				CLANG_WARN_RANGE_LOOP_ANALYSIS = YES;
				CLANG_WARN_STRICT_PROTOTYPES = YES;
				CLANG_WARN_SUSPICIOUS_MOVE = YES;
				CLANG_WARN_UNGUARDED_AVAILABILITY = YES_AGGRESSIVE;
				CLANG_WARN_UNREACHABLE_CODE = YES;
				CLANG_WARN__DUPLICATE_METHOD_MATCH = YES;
				COPY_PHASE_STRIP = NO;
				DEBUG_INFORMATION_FORMAT = dwarf;
				ENABLE_STRICT_OBJC_MSGSEND = YES;
				ENABLE_TESTABILITY = YES;
				GCC_C_LANGUAGE_STANDARD = gnu11;
				GCC_DYNAMIC_NO_PIC = NO;
				GCC_NO_COMMON_BLOCKS = YES;
				GCC_OPTIMIZATION_LEVEL = 0;
				GCC_PREPROCESSOR_DEFINITIONS = (
					"DEBUG=1",
					"$(inherited)",
				);
				GCC_WARN_64_TO_32_BIT_CONVERSION = YES;
				GCC_WARN_ABOUT_RETURN_TYPE = YES_ERROR;
				GCC_WARN_UNDECLARED_SELECTOR = YES;
				GCC_WARN_UNINITIALIZED_AUTOS = YES_AGGRESSIVE;
				GCC_WARN_UNUSED_FUNCTION = YES;
				GCC_WARN_UNUSED_VARIABLE = YES;
				IPHONEOS_DEPLOYMENT_TARGET = 14.3;
				MTL_ENABLE_DEBUG_INFO = INCLUDE_SOURCE;
				MTL_FAST_MATH = YES;
				ONLY_ACTIVE_ARCH = YES;
				SDKROOT = iphoneos;
				SWIFT_ACTIVE_COMPILATION_CONDITIONS = DEBUG;
				SWIFT_OPTIMIZATION_LEVEL = "-Onone";
			};
			name = Debug;
		};
		8415ADA925931BC90095147A /* Release */ = {
			isa = XCBuildConfiguration;
			buildSettings = {
				ALWAYS_SEARCH_USER_PATHS = NO;
				CLANG_ANALYZER_NONNULL = YES;
				CLANG_ANALYZER_NUMBER_OBJECT_CONVERSION = YES_AGGRESSIVE;
				CLANG_CXX_LANGUAGE_STANDARD = "gnu++14";
				CLANG_CXX_LIBRARY = "libc++";
				CLANG_ENABLE_MODULES = YES;
				CLANG_ENABLE_OBJC_ARC = YES;
				CLANG_ENABLE_OBJC_WEAK = YES;
				CLANG_WARN_BLOCK_CAPTURE_AUTORELEASING = YES;
				CLANG_WARN_BOOL_CONVERSION = YES;
				CLANG_WARN_COMMA = YES;
				CLANG_WARN_CONSTANT_CONVERSION = YES;
				CLANG_WARN_DEPRECATED_OBJC_IMPLEMENTATIONS = YES;
				CLANG_WARN_DIRECT_OBJC_ISA_USAGE = YES_ERROR;
				CLANG_WARN_DOCUMENTATION_COMMENTS = YES;
				CLANG_WARN_EMPTY_BODY = YES;
				CLANG_WARN_ENUM_CONVERSION = YES;
				CLANG_WARN_INFINITE_RECURSION = YES;
				CLANG_WARN_INT_CONVERSION = YES;
				CLANG_WARN_NON_LITERAL_NULL_CONVERSION = YES;
				CLANG_WARN_OBJC_IMPLICIT_RETAIN_SELF = YES;
				CLANG_WARN_OBJC_LITERAL_CONVERSION = YES;
				CLANG_WARN_OBJC_ROOT_CLASS = YES_ERROR;
				CLANG_WARN_QUOTED_INCLUDE_IN_FRAMEWORK_HEADER = YES;
				CLANG_WARN_RANGE_LOOP_ANALYSIS = YES;
				CLANG_WARN_STRICT_PROTOTYPES = YES;
				CLANG_WARN_SUSPICIOUS_MOVE = YES;
				CLANG_WARN_UNGUARDED_AVAILABILITY = YES_AGGRESSIVE;
				CLANG_WARN_UNREACHABLE_CODE = YES;
				CLANG_WARN__DUPLICATE_METHOD_MATCH = YES;
				COPY_PHASE_STRIP = NO;
				DEBUG_INFORMATION_FORMAT = "dwarf-with-dsym";
				ENABLE_NS_ASSERTIONS = NO;
				ENABLE_STRICT_OBJC_MSGSEND = YES;
				GCC_C_LANGUAGE_STANDARD = gnu11;
				GCC_NO_COMMON_BLOCKS = YES;
				GCC_WARN_64_TO_32_BIT_CONVERSION = YES;
				GCC_WARN_ABOUT_RETURN_TYPE = YES_ERROR;
				GCC_WARN_UNDECLARED_SELECTOR = YES;
				GCC_WARN_UNINITIALIZED_AUTOS = YES_AGGRESSIVE;
				GCC_WARN_UNUSED_FUNCTION = YES;
				GCC_WARN_UNUSED_VARIABLE = YES;
				IPHONEOS_DEPLOYMENT_TARGET = 14.3;
				MTL_ENABLE_DEBUG_INFO = NO;
				MTL_FAST_MATH = YES;
				SDKROOT = iphoneos;
				SWIFT_COMPILATION_MODE = wholemodule;
				SWIFT_OPTIMIZATION_LEVEL = "-O";
				VALIDATE_PRODUCT = YES;
			};
			name = Release;
		};
		8415ADAB25931BC90095147A /* Debug */ = {
			isa = XCBuildConfiguration;
			buildSettings = {
				ALWAYS_EMBED_SWIFT_STANDARD_LIBRARIES = YES;
				ASSETCATALOG_COMPILER_APPICON_NAME = AppIcon;
				ASSETCATALOG_COMPILER_GLOBAL_ACCENT_COLOR_NAME = AccentColor;
				CODE_SIGN_STYLE = Automatic;
				DEVELOPMENT_ASSET_PATHS = "\"m8sp104/Preview Content\"";
				DEVELOPMENT_TEAM = G277B29VS5;
				ENABLE_PREVIEWS = YES;
				INFOPLIST_FILE = m8sp104/Info.plist;
				IPHONEOS_DEPLOYMENT_TARGET = 14.0;
				LD_RUNPATH_SEARCH_PATHS = (
					"$(inherited)",
					"@executable_path/Frameworks",
				);
				PRODUCT_BUNDLE_IDENTIFIER = com.maron8saton.m8sp104;
				PRODUCT_NAME = "$(TARGET_NAME)";
				SWIFT_VERSION = 5.0;
				TARGETED_DEVICE_FAMILY = 1;
			};
			name = Debug;
		};
		8415ADAC25931BC90095147A /* Release */ = {
			isa = XCBuildConfiguration;
			buildSettings = {
				ALWAYS_EMBED_SWIFT_STANDARD_LIBRARIES = YES;
				ASSETCATALOG_COMPILER_APPICON_NAME = AppIcon;
				ASSETCATALOG_COMPILER_GLOBAL_ACCENT_COLOR_NAME = AccentColor;
				CODE_SIGN_STYLE = Automatic;
				DEVELOPMENT_ASSET_PATHS = "\"m8sp104/Preview Content\"";
				DEVELOPMENT_TEAM = G277B29VS5;
				ENABLE_PREVIEWS = YES;
				INFOPLIST_FILE = m8sp104/Info.plist;
				IPHONEOS_DEPLOYMENT_TARGET = 14.0;
				LD_RUNPATH_SEARCH_PATHS = (
					"$(inherited)",
					"@executable_path/Frameworks",
				);
				PRODUCT_BUNDLE_IDENTIFIER = com.maron8saton.m8sp104;
				PRODUCT_NAME = "$(TARGET_NAME)";
				SWIFT_VERSION = 5.0;
				TARGETED_DEVICE_FAMILY = 1;
			};
			name = Release;
		};
		8486EEA52597D1AB00D894E2 /* Debug */ = {
			isa = XCBuildConfiguration;
			buildSettings = {
				ASSETCATALOG_COMPILER_GLOBAL_ACCENT_COLOR_NAME = AccentColor;
				ASSETCATALOG_COMPILER_WIDGET_BACKGROUND_COLOR_NAME = WidgetBackground;
				CODE_SIGN_STYLE = Automatic;
				DEVELOPMENT_TEAM = G277B29VS5;
				INFOPLIST_FILE = m8sp104widget/Info.plist;
				LD_RUNPATH_SEARCH_PATHS = (
					"$(inherited)",
					"@executable_path/Frameworks",
					"@executable_path/../../Frameworks",
				);
				PRODUCT_BUNDLE_IDENTIFIER = com.maron8saton.m8sp104.m8sp104widget;
				PRODUCT_NAME = "$(TARGET_NAME)";
				SKIP_INSTALL = YES;
				SWIFT_VERSION = 5.0;
				TARGETED_DEVICE_FAMILY = 1;
			};
			name = Debug;
		};
		8486EEA62597D1AB00D894E2 /* Release */ = {
			isa = XCBuildConfiguration;
			buildSettings = {
				ASSETCATALOG_COMPILER_GLOBAL_ACCENT_COLOR_NAME = AccentColor;
				ASSETCATALOG_COMPILER_WIDGET_BACKGROUND_COLOR_NAME = WidgetBackground;
				CODE_SIGN_STYLE = Automatic;
				DEVELOPMENT_TEAM = G277B29VS5;
				INFOPLIST_FILE = m8sp104widget/Info.plist;
				LD_RUNPATH_SEARCH_PATHS = (
					"$(inherited)",
					"@executable_path/Frameworks",
					"@executable_path/../../Frameworks",
				);
				PRODUCT_BUNDLE_IDENTIFIER = com.maron8saton.m8sp104.m8sp104widget;
				PRODUCT_NAME = "$(TARGET_NAME)";
				SKIP_INSTALL = YES;
				SWIFT_VERSION = 5.0;
				TARGETED_DEVICE_FAMILY = 1;
			};
			name = Release;
		};
/* End XCBuildConfiguration section */

/* Begin XCConfigurationList section */
		8415AD9625931BC70095147A /* Build configuration list for PBXProject "m8sp104" */ = {
			isa = XCConfigurationList;
			buildConfigurations = (
				8415ADA825931BC90095147A /* Debug */,
				8415ADA925931BC90095147A /* Release */,
			);
			defaultConfigurationIsVisible = 0;
			defaultConfigurationName = Release;
		};
		8415ADAA25931BC90095147A /* Build configuration list for PBXNativeTarget "m8sp104" */ = {
			isa = XCConfigurationList;
			buildConfigurations = (
				8415ADAB25931BC90095147A /* Debug */,
				8415ADAC25931BC90095147A /* Release */,
			);
			defaultConfigurationIsVisible = 0;
			defaultConfigurationName = Release;
		};
		8486EEA42597D1AB00D894E2 /* Build configuration list for PBXNativeTarget "m8sp104widgetExtension" */ = {
			isa = XCConfigurationList;
			buildConfigurations = (
				8486EEA52597D1AB00D894E2 /* Debug */,
				8486EEA62597D1AB00D894E2 /* Release */,
			);
			defaultConfigurationIsVisible = 0;
			defaultConfigurationName = Release;
		};
/* End XCConfigurationList section */

/* Begin XCVersionGroup section */
		8486EEB6259CD45100D894E2 /* aaa.xcdatamodeld */ = {
			isa = XCVersionGroup;
			children = (
				8486EEB7259CD45100D894E2 /* aaa.xcdatamodel */,
			);
			currentVersion = 8486EEB7259CD45100D894E2 /* aaa.xcdatamodel */;
			path = aaa.xcdatamodeld;
			sourceTree = "<group>";
			versionGroupType = wrapper.xcdatamodel;
		};
/* End XCVersionGroup section */
	};
	rootObject = 8415AD9325931BC70095147A /* Project object */;
}
